<?xml version="1.0" encoding="utf-8"?>
<Project ToolsVersion="4.0" xmlns="http://schemas.microsoft.com/developer/msbuild/2003">
  <ItemGroup>
    <Filter Include="Source Files">
      <UniqueIdentifier>{4FC737F1-C7A5-4376-A066-2A32D752A2FF}</UniqueIdentifier>
      <Extensions>cpp;c;cc;cxx;c++;cppm;ixx;def;odl;idl;hpj;bat;asm;asmx</Extensions>
    </Filter>
    <Filter Include="Header Files">
      <UniqueIdentifier>{93995380-89BD-4b04-88EB-625FBE52EBFB}</UniqueIdentifier>
      <Extensions>h;hh;hpp;hxx;h++;hm;inl;inc;ipp;xsd</Extensions>
    </Filter>
    <Filter Include="Resource Files">
      <UniqueIdentifier>{67DA6AB6-F800-4c08-8B7A-83BB121AAD01}</UniqueIdentifier>
      <Extensions>rc;ico;cur;bmp;dlg;rc2;rct;bin;rgs;gif;jpg;jpeg;jpe;resx;tiff;tif;png;wav;mfcribbon-ms</Extensions>
    </Filter>
    <Filter Include="mem">
      <UniqueIdentifier>{5bbf3a5c-c51e-426c-8ef8-cee6e79e271b}</UniqueIdentifier>
    </Filter>
    <Filter Include="proc">
      <UniqueIdentifier>{b4f75c5f-fdfa-4260-91fc-4c4908fcfce7}</UniqueIdentifier>
    </Filter>
    <Filter Include="console formatting">
      <UniqueIdentifier>{5079b89e-2070-4242-9bba-656c1f1f8bfa}</UniqueIdentifier>
    </Filter>
    <Filter Include="Debug">
      <UniqueIdentifier>{6af3024a-6081-4f0c-9abd-9eaa0be6b5d9}</UniqueIdentifier>
    </Filter>
    <Filter Include="Config">
      <UniqueIdentifier>{cc082afa-0213-4a6a-86ed-134c6d2b5273}</UniqueIdentifier>
    </Filter>
    <Filter Include="Hack">
      <UniqueIdentifier>{06dd5c32-4c40-4503-aece-86227c3e3419}</UniqueIdentifier>
    </Filter>
    <Filter Include="Offsets">
      <UniqueIdentifier>{7bc76121-aa5e-4cbe-856b-d8283bdcc58e}</UniqueIdentifier>
    </Filter>
  </ItemGroup>
  <ItemGroup>
    <ClInclude Include="framework.h">
      <Filter>Header Files</Filter>
    </ClInclude>
    <ClInclude Include="pch.h">
      <Filter>Header Files</Filter>
    </ClInclude>
    <ClInclude Include="mem.h">
      <Filter>mem</Filter>
    </ClInclude>
    <ClInclude Include="proc.h">
      <Filter>proc</Filter>
    </ClInclude>
    <ClInclude Include="cons.h">
      <Filter>console formatting</Filter>
    </ClInclude>
    <ClInclude Include="debug.h">
      <Filter>Debug</Filter>
    </ClInclude>
    <ClInclude Include="config.h">
      <Filter>Config</Filter>
    </ClInclude>
    <ClInclude Include="hack.h">
      <Filter>Hack</Filter>
    </ClInclude>
    <ClInclude Include="offset.h">
      <Filter>Offsets</Filter>
    </ClInclude>
  </ItemGroup>
  <ItemGroup>
    <ClCompile Include="dllmain.cpp">
      <Filter>Source Files</Filter>
    </ClCompile>
    <ClCompile Include="pch.cpp">
      <Filter>Source Files</Filter>
    </ClCompile>
    <ClCompile Include="proc.cpp">
      <Filter>proc</Filter>
    </ClCompile>
    <ClCompile Include="mem.cpp">
      <Filter>mem</Filter>
    </ClCompile>
    <ClCompile Include="cons.cpp">
      <Filter>console formatting</Filter>
    </ClCompile>
    <ClCompile Include="debug.cpp">
      <Filter>Debug</Filter>
    </ClCompile>
    <ClCompile Include="config.cpp">
      <Filter>Config</Filter>
    </ClCompile>
    <ClCompile Include="hack.cpp">
      <Filter>Hack</Filter>
    </ClCompile>
    <ClCompile Include="offset.cpp">
      <Filter>Offsets</Filter>
    </ClCompile>
  </ItemGroup>
</Project>